
Microsoft Visual Studio Solution File, Format Version 12.00
# Visual Studio Version 16
VisualStudioVersion = 16.0.29926.136
MinimumVisualStudioVersion = 10.0.40219.1
Project("{8BC9CEB8-8B4A-11D0-8D11-00A0C91BC942}") = "CasinoInformatika", "CasinoInformatika.vcxproj", "{6488F8D2-486E-4C64-951B-2FAA2FA535C7}"
EndProject
Global
	GlobalSection(SolutionConfigurationPlatforms) = preSolution
		Debug|x64 = Debug|x64
		Debug|x86 = Debug|x86
		Release|x64 = Release|x64
		Release|x86 = Release|x86
	EndGlobalSection
	GlobalSection(ProjectConfigurationPlatforms) = postSolution
		{6488F8D2-486E-4C64-951B-2FAA2FA535C7}.Debug|x64.ActiveCfg = Debug|x64
		{6488F8D2-486E-4C64-951B-2FAA2FA535C7}.Debug|x64.Build.0 = Debug|x64
		{6488F8D2-486E-4C64-951B-2FAA2FA535C7}.Debug|x86.ActiveCfg = Debug|Win32
		{6488F8D2-486E-4C64-951B-2FAA2FA535C7}.Debug|x86.Build.0 = Debug|Win32
		{6488F8D2-486E-4C64-951B-2FAA2FA535C7}.Release|x64.ActiveCfg = Release|x64
		{6488F8D2-486E-4C64-951B-2FAA2FA535C7}.Release|x64.Build.0 = Release|x64
		{6488F8D2-486E-4C64-951B-2FAA2FA535C7}.Release|x86.ActiveCfg = Release|Win32
		{6488F8D2-486E-4C64-951B-2FAA2FA535C7}.Release|x86.Build.0 = Release|Win32
	EndGlobalSection
	GlobalSection(SolutionProperties) = preSolution
		HideSolutionNode = FALSE
	EndGlobalSection
	GlobalSection(ExtensibilityGlobals) = postSolution
		SolutionGuid = {5762C05A-29CE-4640-8C15-38687346DF9B}
	EndGlobalSection
EndGlobal
